
Microsoft Visual Studio Solution File, Format Version 12.00
# Visual Studio Version 17
VisualStudioVersion = 17.2.32526.322
MinimumVisualStudioVersion = 10.0.40219.1
Project("{FAE04EC0-301F-11D3-BF4B-00C04F79EFBC}") = "ServicioSOA", "ServicioSOA\ServicioSOA.csproj", "{7E2F145D-FB3D-4D33-AF5F-CE032E559817}"
EndProject
Global
	GlobalSection(SolutionConfigurationPlatforms) = preSolution
		Debug|Any CPU = Debug|Any CPU
		Release|Any CPU = Release|Any CPU
	EndGlobalSection
	GlobalSection(ProjectConfigurationPlatforms) = postSolution
		{7E2F145D-FB3D-4D33-AF5F-CE032E559817}.Debug|Any CPU.ActiveCfg = Debug|Any CPU
		{7E2F145D-FB3D-4D33-AF5F-CE032E559817}.Debug|Any CPU.Build.0 = Debug|Any CPU
		{7E2F145D-FB3D-4D33-AF5F-CE032E559817}.Release|Any CPU.ActiveCfg = Release|Any CPU
		{7E2F145D-FB3D-4D33-AF5F-CE032E559817}.Release|Any CPU.Build.0 = Release|Any CPU
	EndGlobalSection
	GlobalSection(SolutionProperties) = preSolution
		HideSolutionNode = FALSE
	EndGlobalSection
	GlobalSection(ExtensibilityGlobals) = postSolution
		SolutionGuid = {24253DA3-57AD-423D-81AE-69B8C03536DA}
	EndGlobalSection
EndGlobal
